
Microsoft Visual Studio Solution File, Format Version 12.00
# Visual Studio Version 16
VisualStudioVersion = 16.0.30011.22
MinimumVisualStudioVersion = 10.0.40219.1
Project("{8BC9CEB8-8B4A-11D0-8D11-00A0C91BC942}") = "01_FitPits", "01_FitPits\01_FitPits.vcxproj", "{3EDE87D9-B8FD-46CF-ABFD-73118423AE26}"
EndProject
Project("{8BC9CEB8-8B4A-11D0-8D11-00A0C91BC942}") = "02_CreateGridsID", "02_CreateGridsID\02_CreateGridsID.vcxproj", "{985AB439-2D94-4120-ACA3-099E14CBE65C}"
EndProject
Project("{8BC9CEB8-8B4A-11D0-8D11-00A0C91BC942}") = "03_CreateFlowTable", "03_CreateFlowTable\03_CreateFlowTable.vcxproj", "{DA7170C0-55CF-4D7B-8425-25A0C3AED9FE}"
EndProject
Project("{8BC9CEB8-8B4A-11D0-8D11-00A0C91BC942}") = "04_APPA", "04_APPA\04_APPA.vcxproj", "{0C7491A7-D155-4422-A20D-AFB154C5154C}"
EndProject
Global
	GlobalSection(SolutionConfigurationPlatforms) = preSolution
		Debug|ARM = Debug|ARM
		Debug|x64 = Debug|x64
		Debug|x86 = Debug|x86
		Release|ARM = Release|ARM
		Release|x64 = Release|x64
		Release|x86 = Release|x86
	EndGlobalSection
	GlobalSection(ProjectConfigurationPlatforms) = postSolution
		{3EDE87D9-B8FD-46CF-ABFD-73118423AE26}.Debug|ARM.ActiveCfg = Debug|Win32
		{3EDE87D9-B8FD-46CF-ABFD-73118423AE26}.Debug|x64.ActiveCfg = Debug|x64
		{3EDE87D9-B8FD-46CF-ABFD-73118423AE26}.Debug|x64.Build.0 = Debug|x64
		{3EDE87D9-B8FD-46CF-ABFD-73118423AE26}.Debug|x86.ActiveCfg = Debug|Win32
		{3EDE87D9-B8FD-46CF-ABFD-73118423AE26}.Debug|x86.Build.0 = Debug|Win32
		{3EDE87D9-B8FD-46CF-ABFD-73118423AE26}.Release|ARM.ActiveCfg = Release|Win32
		{3EDE87D9-B8FD-46CF-ABFD-73118423AE26}.Release|x64.ActiveCfg = Release|x64
		{3EDE87D9-B8FD-46CF-ABFD-73118423AE26}.Release|x64.Build.0 = Release|x64
		{3EDE87D9-B8FD-46CF-ABFD-73118423AE26}.Release|x86.ActiveCfg = Release|Win32
		{3EDE87D9-B8FD-46CF-ABFD-73118423AE26}.Release|x86.Build.0 = Release|Win32
		{985AB439-2D94-4120-ACA3-099E14CBE65C}.Debug|ARM.ActiveCfg = Debug|Win32
		{985AB439-2D94-4120-ACA3-099E14CBE65C}.Debug|x64.ActiveCfg = Debug|x64
		{985AB439-2D94-4120-ACA3-099E14CBE65C}.Debug|x64.Build.0 = Debug|x64
		{985AB439-2D94-4120-ACA3-099E14CBE65C}.Debug|x86.ActiveCfg = Debug|Win32
		{985AB439-2D94-4120-ACA3-099E14CBE65C}.Debug|x86.Build.0 = Debug|Win32
		{985AB439-2D94-4120-ACA3-099E14CBE65C}.Release|ARM.ActiveCfg = Release|Win32
		{985AB439-2D94-4120-ACA3-099E14CBE65C}.Release|x64.ActiveCfg = Release|x64
		{985AB439-2D94-4120-ACA3-099E14CBE65C}.Release|x64.Build.0 = Release|x64
		{985AB439-2D94-4120-ACA3-099E14CBE65C}.Release|x86.ActiveCfg = Release|Win32
		{985AB439-2D94-4120-ACA3-099E14CBE65C}.Release|x86.Build.0 = Release|Win32
		{DA7170C0-55CF-4D7B-8425-25A0C3AED9FE}.Debug|ARM.ActiveCfg = Debug|Win32
		{DA7170C0-55CF-4D7B-8425-25A0C3AED9FE}.Debug|x64.ActiveCfg = Debug|x64
		{DA7170C0-55CF-4D7B-8425-25A0C3AED9FE}.Debug|x64.Build.0 = Debug|x64
		{DA7170C0-55CF-4D7B-8425-25A0C3AED9FE}.Debug|x86.ActiveCfg = Debug|Win32
		{DA7170C0-55CF-4D7B-8425-25A0C3AED9FE}.Debug|x86.Build.0 = Debug|Win32
		{DA7170C0-55CF-4D7B-8425-25A0C3AED9FE}.Release|ARM.ActiveCfg = Release|Win32
		{DA7170C0-55CF-4D7B-8425-25A0C3AED9FE}.Release|x64.ActiveCfg = Release|x64
		{DA7170C0-55CF-4D7B-8425-25A0C3AED9FE}.Release|x64.Build.0 = Release|x64
		{DA7170C0-55CF-4D7B-8425-25A0C3AED9FE}.Release|x86.ActiveCfg = Release|Win32
		{DA7170C0-55CF-4D7B-8425-25A0C3AED9FE}.Release|x86.Build.0 = Release|Win32
		{0C7491A7-D155-4422-A20D-AFB154C5154C}.Debug|ARM.ActiveCfg = Debug|Win32
		{0C7491A7-D155-4422-A20D-AFB154C5154C}.Debug|x64.ActiveCfg = Debug|x64
		{0C7491A7-D155-4422-A20D-AFB154C5154C}.Debug|x64.Build.0 = Debug|x64
		{0C7491A7-D155-4422-A20D-AFB154C5154C}.Debug|x86.ActiveCfg = Debug|Win32
		{0C7491A7-D155-4422-A20D-AFB154C5154C}.Debug|x86.Build.0 = Debug|Win32
		{0C7491A7-D155-4422-A20D-AFB154C5154C}.Release|ARM.ActiveCfg = Release|Win32
		{0C7491A7-D155-4422-A20D-AFB154C5154C}.Release|x64.ActiveCfg = Release|x64
		{0C7491A7-D155-4422-A20D-AFB154C5154C}.Release|x64.Build.0 = Release|x64
		{0C7491A7-D155-4422-A20D-AFB154C5154C}.Release|x86.ActiveCfg = Release|Win32
		{0C7491A7-D155-4422-A20D-AFB154C5154C}.Release|x86.Build.0 = Release|Win32
	EndGlobalSection
	GlobalSection(SolutionProperties) = preSolution
		HideSolutionNode = FALSE
	EndGlobalSection
	GlobalSection(ExtensibilityGlobals) = postSolution
		SolutionGuid = {7C7927B7-8002-4FD3-8075-A2485F61989A}
	EndGlobalSection
EndGlobal
